
Microsoft Visual Studio Solution File, Format Version 12.00
# Visual Studio 15
VisualStudioVersion = 15.0.28010.2041
MinimumVisualStudioVersion = 10.0.40219.1
Project("{9A19103F-16F7-4668-BE54-9A1E7A4F7556}") = "PingPongWebApplication", "PingPongWebApplication\PingPongWebApplication.csproj", "{0A4B41BE-DFFF-4547-8571-388383EB9FF7}"
EndProject
Project("{FAE04EC0-301F-11D3-BF4B-00C04F79EFBC}") = "NUnitTestProject_For_PingPongWebApplication", "NUnitTestProject_For_PingPongWebApplication\NUnitTestProject_For_PingPongWebApplication.csproj", "{7124D75B-653A-41FE-8D3C-D215F22DFBD9}"
EndProject
Global
	GlobalSection(SolutionConfigurationPlatforms) = preSolution
		Debug|Any CPU = Debug|Any CPU
		Release|Any CPU = Release|Any CPU
	EndGlobalSection
	GlobalSection(ProjectConfigurationPlatforms) = postSolution
		{0A4B41BE-DFFF-4547-8571-388383EB9FF7}.Debug|Any CPU.ActiveCfg = Debug|Any CPU
		{0A4B41BE-DFFF-4547-8571-388383EB9FF7}.Debug|Any CPU.Build.0 = Debug|Any CPU
		{0A4B41BE-DFFF-4547-8571-388383EB9FF7}.Release|Any CPU.ActiveCfg = Release|Any CPU
		{0A4B41BE-DFFF-4547-8571-388383EB9FF7}.Release|Any CPU.Build.0 = Release|Any CPU
		{7124D75B-653A-41FE-8D3C-D215F22DFBD9}.Debug|Any CPU.ActiveCfg = Debug|Any CPU
		{7124D75B-653A-41FE-8D3C-D215F22DFBD9}.Debug|Any CPU.Build.0 = Debug|Any CPU
		{7124D75B-653A-41FE-8D3C-D215F22DFBD9}.Release|Any CPU.ActiveCfg = Release|Any CPU
		{7124D75B-653A-41FE-8D3C-D215F22DFBD9}.Release|Any CPU.Build.0 = Release|Any CPU
	EndGlobalSection
	GlobalSection(SolutionProperties) = preSolution
		HideSolutionNode = FALSE
	EndGlobalSection
	GlobalSection(ExtensibilityGlobals) = postSolution
		SolutionGuid = {EDEF96FA-3896-460A-81BF-00B52F2C5212}
	EndGlobalSection
EndGlobal
